
Microsoft Visual Studio Solution File, Format Version 12.00
# Visual Studio Version 17
VisualStudioVersion = 17.7.34202.233
MinimumVisualStudioVersion = 10.0.40219.1
Project("{FAE04EC0-301F-11D3-BF4B-00C04F79EFBC}") = "coreMvcPrac2", "coreMvcPrac2\coreMvcPrac2.csproj", "{34704EE3-3116-4E1B-966F-1839F1E4F487}"
EndProject
Global
	GlobalSection(SolutionConfigurationPlatforms) = preSolution
		Debug|Any CPU = Debug|Any CPU
		Release|Any CPU = Release|Any CPU
	EndGlobalSection
	GlobalSection(ProjectConfigurationPlatforms) = postSolution
		{34704EE3-3116-4E1B-966F-1839F1E4F487}.Debug|Any CPU.ActiveCfg = Debug|Any CPU
		{34704EE3-3116-4E1B-966F-1839F1E4F487}.Debug|Any CPU.Build.0 = Debug|Any CPU
		{34704EE3-3116-4E1B-966F-1839F1E4F487}.Release|Any CPU.ActiveCfg = Release|Any CPU
		{34704EE3-3116-4E1B-966F-1839F1E4F487}.Release|Any CPU.Build.0 = Release|Any CPU
	EndGlobalSection
	GlobalSection(SolutionProperties) = preSolution
		HideSolutionNode = FALSE
	EndGlobalSection
	GlobalSection(ExtensibilityGlobals) = postSolution
		SolutionGuid = {51D8B0FB-F535-445F-81BC-743284A63082}
	EndGlobalSection
EndGlobal
